
Microsoft Visual Studio Solution File, Format Version 12.00
# Visual Studio 15
VisualStudioVersion = 15.0.27130.2027
MinimumVisualStudioVersion = 10.0.40219.1
Project("{FAE04EC0-301F-11D3-BF4B-00C04F79EFBC}") = "Projekt_2_Grafika_Podejscie_2", "Projekt_2_Grafika_Podejscie_2\Projekt_2_Grafika_Podejscie_2.csproj", "{16D29CFF-5D0B-435D-A69F-53408245DBD3}"
EndProject
Project("{FAE04EC0-301F-11D3-BF4B-00C04F79EFBC}") = "Test", "Test\Test.csproj", "{EE2FDAFD-E956-44AC-8B3C-20B7A56BDA16}"
EndProject
Global
	GlobalSection(SolutionConfigurationPlatforms) = preSolution
		Debug|Any CPU = Debug|Any CPU
		Release|Any CPU = Release|Any CPU
	EndGlobalSection
	GlobalSection(ProjectConfigurationPlatforms) = postSolution
		{16D29CFF-5D0B-435D-A69F-53408245DBD3}.Debug|Any CPU.ActiveCfg = Debug|Any CPU
		{16D29CFF-5D0B-435D-A69F-53408245DBD3}.Debug|Any CPU.Build.0 = Debug|Any CPU
		{16D29CFF-5D0B-435D-A69F-53408245DBD3}.Release|Any CPU.ActiveCfg = Release|Any CPU
		{16D29CFF-5D0B-435D-A69F-53408245DBD3}.Release|Any CPU.Build.0 = Release|Any CPU
		{EE2FDAFD-E956-44AC-8B3C-20B7A56BDA16}.Debug|Any CPU.ActiveCfg = Debug|Any CPU
		{EE2FDAFD-E956-44AC-8B3C-20B7A56BDA16}.Debug|Any CPU.Build.0 = Debug|Any CPU
		{EE2FDAFD-E956-44AC-8B3C-20B7A56BDA16}.Release|Any CPU.ActiveCfg = Release|Any CPU
		{EE2FDAFD-E956-44AC-8B3C-20B7A56BDA16}.Release|Any CPU.Build.0 = Release|Any CPU
	EndGlobalSection
	GlobalSection(SolutionProperties) = preSolution
		HideSolutionNode = FALSE
	EndGlobalSection
	GlobalSection(ExtensibilityGlobals) = postSolution
		SolutionGuid = {A6C2C3F2-EA9B-4148-87F5-E4F93E86633E}
	EndGlobalSection
EndGlobal
